# This file is autogenerated, do not edit; changes may be undone by the next 'dep ensure'.


[[projects]]
  digest = "1:deba4f4561cc7490127f599626c78cbfe972ffacc8edfaf77710de8922e0ae77"
  name = "github.com/aws/aws-lambda-go"
  packages = [
    "events",
    "lambda",
    "lambda/handlertrace",
    "lambda/messages",
    "lambdacontext",
  ]
  pruneopts = ""
  revision = "4c210d7623089d36b6bb6febf5a5e553bf73fbfb"
  version = "v1.11.1"

[[projects]]
  digest = "1:40eb818aaeaf0cf565dea3459675f59ac1ee0188e14c6f2e55db8d7be67ff9fd"
  name = "github.com/aws/aws-sdk-go"
  packages = [
    "aws",
    "aws/awserr",
    "aws/awsutil",
    "aws/client",
    "aws/client/metadata",
    "aws/corehandlers",
    "aws/credentials",
    "aws/credentials/ec2rolecreds",
    "aws/credentials/endpointcreds",
    "aws/credentials/processcreds",
    "aws/credentials/stscreds",
    "aws/crr",
    "aws/csm",
    "aws/defaults",
    "aws/ec2metadata",
    "aws/endpoints",
    "aws/request",
    "aws/session",
    "aws/signer/v4",
    "internal/ini",
    "internal/s3err",
    "internal/sdkio",
    "internal/sdkrand",
    "internal/sdkuri",
    "internal/shareddefaults",
    "private/protocol",
    "private/protocol/eventstream",
    "private/protocol/eventstream/eventstreamapi",
    "private/protocol/json/jsonutil",
    "private/protocol/jsonrpc",
    "private/protocol/query",
    "private/protocol/query/queryutil",
    "private/protocol/rest",
    "private/protocol/restxml",
    "private/protocol/xml/xmlutil",
    "service/dynamodb",
    "service/dynamodb/dynamodbattribute",
    "service/dynamodb/expression",
    "service/s3",
    "service/sts",
  ]
  pruneopts = ""
  revision = "892e2b1c287ab828befdfb4ada461a36ec21783e"
  version = "v1.20.13"

[[projects]]
  digest = "1:0deddd908b6b4b768cfc272c16ee61e7088a60f7fe2f06c547bd3d8e1f8b8e77"
  name = "github.com/davecgh/go-spew"
  packages = ["spew"]
  pruneopts = ""
  revision = "8991bc29aa16c548c550c7ff78260e27b9ab7c73"
  version = "v1.1.1"

[[projects]]
  digest = "1:ad92aa49f34cbc3546063c7eb2cabb55ee2278b72842eda80e2a20a8a06a8d73"
  name = "github.com/google/uuid"
  packages = ["."]
  pruneopts = ""
  revision = "0cd6bf5da1e1c83f8b45653022c74f71af0538a4"
  version = "v1.1.1"

[[projects]]
  digest = "1:13fe471d0ed891e8544eddfeeb0471fd3c9f2015609a1c000aefdedf52a19d40"
  name = "github.com/jmespath/go-jmespath"
  packages = ["."]
  pruneopts = ""
  revision = "c2b33e84"

[[projects]]
  digest = "1:256484dbbcd271f9ecebc6795b2df8cad4c458dd0f5fd82a8c2fa0c29f233411"
  name = "github.com/pmezard/go-difflib"
  packages = ["difflib"]
  pruneopts = ""
  revision = "792786c7400a136282c1664665ae0a8db921c6c2"
  version = "v1.0.0"

[[projects]]
  digest = "1:381bcbeb112a51493d9d998bbba207a529c73dbb49b3fd789e48c63fac1f192c"
  name = "github.com/stretchr/testify"
  packages = ["assert"]
  pruneopts = ""
  revision = "ffdc059bfe9ce6a4e144ba849dbedead332c6053"
  version = "v1.3.0"

[[projects]]
  branch = "master"
  digest = "1:9f6efefb4e401a4f699a295d14518871368eb89403f2dd23ec11dfcd2c0836ba"
  name = "golang.org/x/sync"
  packages = ["errgroup"]
  pruneopts = ""
  revision = "112230192c580c3556b8cee6403af37a4fc5f28c"

[solve-meta]
  analyzer-name = "dep"
  analyzer-version = 1
  input-imports = [
    "github.com/aws/aws-lambda-go/events",
    "github.com/aws/aws-lambda-go/lambda",
    "github.com/aws/aws-sdk-go/aws",
    "github.com/aws/aws-sdk-go/aws/session",
    "github.com/aws/aws-sdk-go/service/dynamodb",
    "github.com/aws/aws-sdk-go/service/dynamodb/dynamodbattribute",
    "github.com/aws/aws-sdk-go/service/dynamodb/expression",
    "github.com/aws/aws-sdk-go/service/s3",
    "github.com/google/uuid",
    "github.com/stretchr/testify/assert",
    "golang.org/x/sync/errgroup",
  ]
  solver-name = "gps-cdcl"
  solver-version = 1
